
Microsoft Visual Studio Solution File, Format Version 12.00
# Visual Studio Version 16
VisualStudioVersion = 16.0.34114.132
MinimumVisualStudioVersion = 10.0.40219.1
Project("{FAE04EC0-301F-11D3-BF4B-00C04F79EFBC}") = "Home Bus Mega", "Home Bus Mega\Home Bus Mega.csproj", "{8973A0F9-4909-446B-B11E-E0C08B8AEC21}"
EndProject
Global
	GlobalSection(SolutionConfigurationPlatforms) = preSolution
		Debug|Any CPU = Debug|Any CPU
		Release|Any CPU = Release|Any CPU
	EndGlobalSection
	GlobalSection(ProjectConfigurationPlatforms) = postSolution
		{8973A0F9-4909-446B-B11E-E0C08B8AEC21}.Debug|Any CPU.ActiveCfg = Debug|Any CPU
		{8973A0F9-4909-446B-B11E-E0C08B8AEC21}.Debug|Any CPU.Build.0 = Debug|Any CPU
		{8973A0F9-4909-446B-B11E-E0C08B8AEC21}.Release|Any CPU.ActiveCfg = Release|Any CPU
		{8973A0F9-4909-446B-B11E-E0C08B8AEC21}.Release|Any CPU.Build.0 = Release|Any CPU
	EndGlobalSection
	GlobalSection(SolutionProperties) = preSolution
		HideSolutionNode = FALSE
	EndGlobalSection
	GlobalSection(ExtensibilityGlobals) = postSolution
		SolutionGuid = {04015369-766C-497E-93FD-D73E1A8DB8B8}
	EndGlobalSection
EndGlobal
